
Microsoft Visual Studio Solution File, Format Version 12.00
# Visual Studio 2012
Project("{FAE04EC0-301F-11D3-BF4B-00C04F79EFBC}") = "Transparent_WPF", "Transparent\Transparent_WPF.csproj", "{E44B54C5-D881-473D-9537-483ED2699808}"
EndProject
Project("{FAE04EC0-301F-11D3-BF4B-00C04F79EFBC}") = "Vista_WPF", "Vista\Vista_WPF.csproj", "{308202A8-417F-4F73-95C4-E0B543C7DD14}"
EndProject
Project("{FAE04EC0-301F-11D3-BF4B-00C04F79EFBC}") = "Windows7_WPF", "Windows7\Windows7_WPF.csproj", "{42BF9A3C-4F11-44E9-BBD1-EB91EFFC804C}"
EndProject
Project("{FAE04EC0-301F-11D3-BF4B-00C04F79EFBC}") = "Summer_WPF", "Summer\Summer_WPF.csproj", "{F84AE36B-DBF1-490B-93D1-96333D57E817}"
EndProject
Project("{FAE04EC0-301F-11D3-BF4B-00C04F79EFBC}") = "OfficeSilver_WPF", "OfficeSilver\OfficeSilver_WPF.csproj", "{0EEF9B46-B65B-4F0F-90D8-7F57EF89830E}"
EndProject
Project("{FAE04EC0-301F-11D3-BF4B-00C04F79EFBC}") = "OfficeBlue_WPF", "OfficeBlue\OfficeBlue_WPF.csproj", "{E5D60F52-328D-4777-B0EC-9D756F32AAAB}"
EndProject
Project("{FAE04EC0-301F-11D3-BF4B-00C04F79EFBC}") = "ExpressionDark_WPF", "ExpressionDark\ExpressionDark_WPF.csproj", "{C471E14B-F144-4C78-A4FA-A25358BCD067}"
EndProject
Project("{FAE04EC0-301F-11D3-BF4B-00C04F79EFBC}") = "OfficeBlack_WPF", "OfficeBlack\OfficeBlack_WPF.csproj", "{3E66D6EA-D6B3-4F07-AEEA-FBC2ECE1BE45}"
EndProject
Project("{FAE04EC0-301F-11D3-BF4B-00C04F79EFBC}") = "Windows8_WPF", "Windows8\Windows8_WPF.csproj", "{3B18ACC6-5A69-4572-88F1-AAF36B81C571}"
EndProject
Project("{FAE04EC0-301F-11D3-BF4B-00C04F79EFBC}") = "Windows8Touch_WPF", "Windows8Touch\Windows8Touch_WPF.csproj", "{83E4C93F-D544-47A7-84A7-4FAA2F72EE9E}"
EndProject
Project("{FAE04EC0-301F-11D3-BF4B-00C04F79EFBC}") = "Office2013_WPF", "Office2013\Office2013_WPF.csproj", "{5D069815-F175-47A8-B4D8-2AABAB14140E}"
EndProject
Project("{FAE04EC0-301F-11D3-BF4B-00C04F79EFBC}") = "VisualStudio2013_WPF", "VisualStudio2013\VisualStudio2013_WPF.csproj", "{9A5D6E19-3802-43AA-9259-4F5768ED4662}"
EndProject
Global 
	GlobalSection(SolutionConfigurationPlatforms) = preSolution
		Debug.NoXaml|Any CPU = Debug.NoXaml|Any CPU
		Debug|Any CPU = Debug|Any CPU
		Debug45.NoXaml|Any CPU = Debug45.NoXaml|Any CPU
		Debug45|Any CPU = Debug45|Any CPU
		Release.NoXaml|Any CPU = Release.NoXaml|Any CPU
		Release|Any CPU = Release|Any CPU
		Release45.NoXaml|Any CPU = Release45.NoXaml|Any CPU
		Release45|Any CPU = Release45|Any CPU
		ReleaseTrial.NoXaml|Any CPU = ReleaseTrial.NoXaml|Any CPU
		ReleaseTrial|Any CPU = ReleaseTrial|Any CPU
		ReleaseTrial45.NoXaml|Any CPU = ReleaseTrial45.NoXaml|Any CPU
		ReleaseTrial45|Any CPU = ReleaseTrial45|Any CPU
	EndGlobalSection
	GlobalSection(ProjectConfigurationPlatforms) = postSolution
		{E44B54C5-D881-473D-9537-483ED2699808}.Debug.NoXaml|Any CPU.ActiveCfg = Debug|Any CPU
		{E44B54C5-D881-473D-9537-483ED2699808}.Debug.NoXaml|Any CPU.Build.0 = Debug|Any CPU
		{E44B54C5-D881-473D-9537-483ED2699808}.Debug|Any CPU.ActiveCfg = Debug|Any CPU
		{E44B54C5-D881-473D-9537-483ED2699808}.Debug|Any CPU.Build.0 = Debug|Any CPU
		{E44B54C5-D881-473D-9537-483ED2699808}.Debug45.NoXaml|Any CPU.ActiveCfg = Debug|Any CPU
		{E44B54C5-D881-473D-9537-483ED2699808}.Debug45.NoXaml|Any CPU.Build.0 = Debug|Any CPU
		{E44B54C5-D881-473D-9537-483ED2699808}.Debug45|Any CPU.ActiveCfg = Debug|Any CPU
		{E44B54C5-D881-473D-9537-483ED2699808}.Debug45|Any CPU.Build.0 = Debug|Any CPU
		{E44B54C5-D881-473D-9537-483ED2699808}.Release.NoXaml|Any CPU.ActiveCfg = Release|Any CPU
		{E44B54C5-D881-473D-9537-483ED2699808}.Release.NoXaml|Any CPU.Build.0 = Release|Any CPU
		{E44B54C5-D881-473D-9537-483ED2699808}.Release|Any CPU.ActiveCfg = Release|Any CPU
		{E44B54C5-D881-473D-9537-483ED2699808}.Release|Any CPU.Build.0 = Release|Any CPU
		{E44B54C5-D881-473D-9537-483ED2699808}.Release45.NoXaml|Any CPU.ActiveCfg = Release|Any CPU
		{E44B54C5-D881-473D-9537-483ED2699808}.Release45.NoXaml|Any CPU.Build.0 = Release|Any CPU
		{E44B54C5-D881-473D-9537-483ED2699808}.Release45|Any CPU.ActiveCfg = Release|Any CPU
		{E44B54C5-D881-473D-9537-483ED2699808}.Release45|Any CPU.Build.0 = Release|Any CPU
		{E44B54C5-D881-473D-9537-483ED2699808}.ReleaseTrial.NoXaml|Any CPU.ActiveCfg = Release|Any CPU
		{E44B54C5-D881-473D-9537-483ED2699808}.ReleaseTrial.NoXaml|Any CPU.Build.0 = Release|Any CPU
		{E44B54C5-D881-473D-9537-483ED2699808}.ReleaseTrial|Any CPU.ActiveCfg = Release|Any CPU
		{E44B54C5-D881-473D-9537-483ED2699808}.ReleaseTrial|Any CPU.Build.0 = Release|Any CPU
		{E44B54C5-D881-473D-9537-483ED2699808}.ReleaseTrial45.NoXaml|Any CPU.ActiveCfg = Release|Any CPU
		{E44B54C5-D881-473D-9537-483ED2699808}.ReleaseTrial45.NoXaml|Any CPU.Build.0 = Release|Any CPU
		{E44B54C5-D881-473D-9537-483ED2699808}.ReleaseTrial45|Any CPU.ActiveCfg = Release|Any CPU
		{E44B54C5-D881-473D-9537-483ED2699808}.ReleaseTrial45|Any CPU.Build.0 = Release|Any CPU
		{308202A8-417F-4F73-95C4-E0B543C7DD14}.Debug.NoXaml|Any CPU.ActiveCfg = Debug|Any CPU
		{308202A8-417F-4F73-95C4-E0B543C7DD14}.Debug.NoXaml|Any CPU.Build.0 = Debug|Any CPU
		{308202A8-417F-4F73-95C4-E0B543C7DD14}.Debug|Any CPU.ActiveCfg = Debug|Any CPU
		{308202A8-417F-4F73-95C4-E0B543C7DD14}.Debug|Any CPU.Build.0 = Debug|Any CPU
		{308202A8-417F-4F73-95C4-E0B543C7DD14}.Debug45.NoXaml|Any CPU.ActiveCfg = Debug|Any CPU
		{308202A8-417F-4F73-95C4-E0B543C7DD14}.Debug45.NoXaml|Any CPU.Build.0 = Debug|Any CPU
		{308202A8-417F-4F73-95C4-E0B543C7DD14}.Debug45|Any CPU.ActiveCfg = Debug|Any CPU
		{308202A8-417F-4F73-95C4-E0B543C7DD14}.Debug45|Any CPU.Build.0 = Debug|Any CPU
		{308202A8-417F-4F73-95C4-E0B543C7DD14}.Release.NoXaml|Any CPU.ActiveCfg = Release|Any CPU
		{308202A8-417F-4F73-95C4-E0B543C7DD14}.Release.NoXaml|Any CPU.Build.0 = Release|Any CPU
		{308202A8-417F-4F73-95C4-E0B543C7DD14}.Release|Any CPU.ActiveCfg = Release|Any CPU
		{308202A8-417F-4F73-95C4-E0B543C7DD14}.Release|Any CPU.Build.0 = Release|Any CPU
		{308202A8-417F-4F73-95C4-E0B543C7DD14}.Release45.NoXaml|Any CPU.ActiveCfg = Release|Any CPU
		{308202A8-417F-4F73-95C4-E0B543C7DD14}.Release45.NoXaml|Any CPU.Build.0 = Release|Any CPU
		{308202A8-417F-4F73-95C4-E0B543C7DD14}.Release45|Any CPU.ActiveCfg = Release|Any CPU
		{308202A8-417F-4F73-95C4-E0B543C7DD14}.Release45|Any CPU.Build.0 = Release|Any CPU
		{308202A8-417F-4F73-95C4-E0B543C7DD14}.ReleaseTrial.NoXaml|Any CPU.ActiveCfg = Release|Any CPU
		{308202A8-417F-4F73-95C4-E0B543C7DD14}.ReleaseTrial.NoXaml|Any CPU.Build.0 = Release|Any CPU
		{308202A8-417F-4F73-95C4-E0B543C7DD14}.ReleaseTrial|Any CPU.ActiveCfg = Release|Any CPU
		{308202A8-417F-4F73-95C4-E0B543C7DD14}.ReleaseTrial|Any CPU.Build.0 = Release|Any CPU
		{308202A8-417F-4F73-95C4-E0B543C7DD14}.ReleaseTrial45.NoXaml|Any CPU.ActiveCfg = Release|Any CPU
		{308202A8-417F-4F73-95C4-E0B543C7DD14}.ReleaseTrial45.NoXaml|Any CPU.Build.0 = Release|Any CPU
		{308202A8-417F-4F73-95C4-E0B543C7DD14}.ReleaseTrial45|Any CPU.ActiveCfg = Release|Any CPU
		{308202A8-417F-4F73-95C4-E0B543C7DD14}.ReleaseTrial45|Any CPU.Build.0 = Release|Any CPU
		{42BF9A3C-4F11-44E9-BBD1-EB91EFFC804C}.Debug.NoXaml|Any CPU.ActiveCfg = Debug|Any CPU
		{42BF9A3C-4F11-44E9-BBD1-EB91EFFC804C}.Debug.NoXaml|Any CPU.Build.0 = Debug|Any CPU
		{42BF9A3C-4F11-44E9-BBD1-EB91EFFC804C}.Debug|Any CPU.ActiveCfg = Debug|Any CPU
		{42BF9A3C-4F11-44E9-BBD1-EB91EFFC804C}.Debug|Any CPU.Build.0 = Debug|Any CPU
		{42BF9A3C-4F11-44E9-BBD1-EB91EFFC804C}.Debug45.NoXaml|Any CPU.ActiveCfg = Debug|Any CPU
		{42BF9A3C-4F11-44E9-BBD1-EB91EFFC804C}.Debug45.NoXaml|Any CPU.Build.0 = Debug|Any CPU
		{42BF9A3C-4F11-44E9-BBD1-EB91EFFC804C}.Debug45|Any CPU.ActiveCfg = Debug|Any CPU
		{42BF9A3C-4F11-44E9-BBD1-EB91EFFC804C}.Debug45|Any CPU.Build.0 = Debug|Any CPU
		{42BF9A3C-4F11-44E9-BBD1-EB91EFFC804C}.Release.NoXaml|Any CPU.ActiveCfg = Release|Any CPU
		{42BF9A3C-4F11-44E9-BBD1-EB91EFFC804C}.Release.NoXaml|Any CPU.Build.0 = Release|Any CPU
		{42BF9A3C-4F11-44E9-BBD1-EB91EFFC804C}.Release|Any CPU.ActiveCfg = Release|Any CPU
		{42BF9A3C-4F11-44E9-BBD1-EB91EFFC804C}.Release|Any CPU.Build.0 = Release|Any CPU
		{42BF9A3C-4F11-44E9-BBD1-EB91EFFC804C}.Release45.NoXaml|Any CPU.ActiveCfg = Release|Any CPU
		{42BF9A3C-4F11-44E9-BBD1-EB91EFFC804C}.Release45.NoXaml|Any CPU.Build.0 = Release|Any CPU
		{42BF9A3C-4F11-44E9-BBD1-EB91EFFC804C}.Release45|Any CPU.ActiveCfg = Release|Any CPU
		{42BF9A3C-4F11-44E9-BBD1-EB91EFFC804C}.Release45|Any CPU.Build.0 = Release|Any CPU
		{42BF9A3C-4F11-44E9-BBD1-EB91EFFC804C}.ReleaseTrial.NoXaml|Any CPU.ActiveCfg = Release|Any CPU
		{42BF9A3C-4F11-44E9-BBD1-EB91EFFC804C}.ReleaseTrial.NoXaml|Any CPU.Build.0 = Release|Any CPU
		{42BF9A3C-4F11-44E9-BBD1-EB91EFFC804C}.ReleaseTrial|Any CPU.ActiveCfg = Release|Any CPU
		{42BF9A3C-4F11-44E9-BBD1-EB91EFFC804C}.ReleaseTrial|Any CPU.Build.0 = Release|Any CPU
		{42BF9A3C-4F11-44E9-BBD1-EB91EFFC804C}.ReleaseTrial45.NoXaml|Any CPU.ActiveCfg = Release|Any CPU
		{42BF9A3C-4F11-44E9-BBD1-EB91EFFC804C}.ReleaseTrial45.NoXaml|Any CPU.Build.0 = Release|Any CPU
		{42BF9A3C-4F11-44E9-BBD1-EB91EFFC804C}.ReleaseTrial45|Any CPU.ActiveCfg = Release|Any CPU
		{42BF9A3C-4F11-44E9-BBD1-EB91EFFC804C}.ReleaseTrial45|Any CPU.Build.0 = Release|Any CPU
		{F84AE36B-DBF1-490B-93D1-96333D57E817}.Debug.NoXaml|Any CPU.ActiveCfg = Debug|Any CPU
		{F84AE36B-DBF1-490B-93D1-96333D57E817}.Debug.NoXaml|Any CPU.Build.0 = Debug|Any CPU
		{F84AE36B-DBF1-490B-93D1-96333D57E817}.Debug|Any CPU.ActiveCfg = Debug|Any CPU
		{F84AE36B-DBF1-490B-93D1-96333D57E817}.Debug|Any CPU.Build.0 = Debug|Any CPU
		{F84AE36B-DBF1-490B-93D1-96333D57E817}.Debug45.NoXaml|Any CPU.ActiveCfg = Debug|Any CPU
		{F84AE36B-DBF1-490B-93D1-96333D57E817}.Debug45.NoXaml|Any CPU.Build.0 = Debug|Any CPU
		{F84AE36B-DBF1-490B-93D1-96333D57E817}.Debug45|Any CPU.ActiveCfg = Debug|Any CPU
		{F84AE36B-DBF1-490B-93D1-96333D57E817}.Debug45|Any CPU.Build.0 = Debug|Any CPU
		{F84AE36B-DBF1-490B-93D1-96333D57E817}.Release.NoXaml|Any CPU.ActiveCfg = Release|Any CPU
		{F84AE36B-DBF1-490B-93D1-96333D57E817}.Release.NoXaml|Any CPU.Build.0 = Release|Any CPU
		{F84AE36B-DBF1-490B-93D1-96333D57E817}.Release|Any CPU.ActiveCfg = Release|Any CPU
		{F84AE36B-DBF1-490B-93D1-96333D57E817}.Release|Any CPU.Build.0 = Release|Any CPU
		{F84AE36B-DBF1-490B-93D1-96333D57E817}.Release45.NoXaml|Any CPU.ActiveCfg = Release|Any CPU
		{F84AE36B-DBF1-490B-93D1-96333D57E817}.Release45.NoXaml|Any CPU.Build.0 = Release|Any CPU
		{F84AE36B-DBF1-490B-93D1-96333D57E817}.Release45|Any CPU.ActiveCfg = Release|Any CPU
		{F84AE36B-DBF1-490B-93D1-96333D57E817}.Release45|Any CPU.Build.0 = Release|Any CPU
		{F84AE36B-DBF1-490B-93D1-96333D57E817}.ReleaseTrial.NoXaml|Any CPU.ActiveCfg = Release|Any CPU
		{F84AE36B-DBF1-490B-93D1-96333D57E817}.ReleaseTrial.NoXaml|Any CPU.Build.0 = Release|Any CPU
		{F84AE36B-DBF1-490B-93D1-96333D57E817}.ReleaseTrial|Any CPU.ActiveCfg = Release|Any CPU
		{F84AE36B-DBF1-490B-93D1-96333D57E817}.ReleaseTrial|Any CPU.Build.0 = Release|Any CPU
		{F84AE36B-DBF1-490B-93D1-96333D57E817}.ReleaseTrial45.NoXaml|Any CPU.ActiveCfg = Release|Any CPU
		{F84AE36B-DBF1-490B-93D1-96333D57E817}.ReleaseTrial45.NoXaml|Any CPU.Build.0 = Release|Any CPU
		{F84AE36B-DBF1-490B-93D1-96333D57E817}.ReleaseTrial45|Any CPU.ActiveCfg = Release|Any CPU
		{F84AE36B-DBF1-490B-93D1-96333D57E817}.ReleaseTrial45|Any CPU.Build.0 = Release|Any CPU
		{0EEF9B46-B65B-4F0F-90D8-7F57EF89830E}.Debug.NoXaml|Any CPU.ActiveCfg = Debug|Any CPU
		{0EEF9B46-B65B-4F0F-90D8-7F57EF89830E}.Debug.NoXaml|Any CPU.Build.0 = Debug|Any CPU
		{0EEF9B46-B65B-4F0F-90D8-7F57EF89830E}.Debug|Any CPU.ActiveCfg = Debug|Any CPU
		{0EEF9B46-B65B-4F0F-90D8-7F57EF89830E}.Debug|Any CPU.Build.0 = Debug|Any CPU
		{0EEF9B46-B65B-4F0F-90D8-7F57EF89830E}.Debug45.NoXaml|Any CPU.ActiveCfg = Debug|Any CPU
		{0EEF9B46-B65B-4F0F-90D8-7F57EF89830E}.Debug45.NoXaml|Any CPU.Build.0 = Debug|Any CPU
		{0EEF9B46-B65B-4F0F-90D8-7F57EF89830E}.Debug45|Any CPU.ActiveCfg = Debug|Any CPU
		{0EEF9B46-B65B-4F0F-90D8-7F57EF89830E}.Debug45|Any CPU.Build.0 = Debug|Any CPU
		{0EEF9B46-B65B-4F0F-90D8-7F57EF89830E}.Release.NoXaml|Any CPU.ActiveCfg = Release|Any CPU
		{0EEF9B46-B65B-4F0F-90D8-7F57EF89830E}.Release.NoXaml|Any CPU.Build.0 = Release|Any CPU
		{0EEF9B46-B65B-4F0F-90D8-7F57EF89830E}.Release|Any CPU.ActiveCfg = Release|Any CPU
		{0EEF9B46-B65B-4F0F-90D8-7F57EF89830E}.Release|Any CPU.Build.0 = Release|Any CPU
		{0EEF9B46-B65B-4F0F-90D8-7F57EF89830E}.Release45.NoXaml|Any CPU.ActiveCfg = Release|Any CPU
		{0EEF9B46-B65B-4F0F-90D8-7F57EF89830E}.Release45.NoXaml|Any CPU.Build.0 = Release|Any CPU
		{0EEF9B46-B65B-4F0F-90D8-7F57EF89830E}.Release45|Any CPU.ActiveCfg = Release|Any CPU
		{0EEF9B46-B65B-4F0F-90D8-7F57EF89830E}.Release45|Any CPU.Build.0 = Release|Any CPU
		{0EEF9B46-B65B-4F0F-90D8-7F57EF89830E}.ReleaseTrial.NoXaml|Any CPU.ActiveCfg = Release|Any CPU
		{0EEF9B46-B65B-4F0F-90D8-7F57EF89830E}.ReleaseTrial.NoXaml|Any CPU.Build.0 = Release|Any CPU
		{0EEF9B46-B65B-4F0F-90D8-7F57EF89830E}.ReleaseTrial|Any CPU.ActiveCfg = Release|Any CPU
		{0EEF9B46-B65B-4F0F-90D8-7F57EF89830E}.ReleaseTrial|Any CPU.Build.0 = Release|Any CPU
		{0EEF9B46-B65B-4F0F-90D8-7F57EF89830E}.ReleaseTrial45.NoXaml|Any CPU.ActiveCfg = Release|Any CPU
		{0EEF9B46-B65B-4F0F-90D8-7F57EF89830E}.ReleaseTrial45.NoXaml|Any CPU.Build.0 = Release|Any CPU
		{0EEF9B46-B65B-4F0F-90D8-7F57EF89830E}.ReleaseTrial45|Any CPU.ActiveCfg = Release|Any CPU
		{0EEF9B46-B65B-4F0F-90D8-7F57EF89830E}.ReleaseTrial45|Any CPU.Build.0 = Release|Any CPU
		{E5D60F52-328D-4777-B0EC-9D756F32AAAB}.Debug.NoXaml|Any CPU.ActiveCfg = Debug|Any CPU
		{E5D60F52-328D-4777-B0EC-9D756F32AAAB}.Debug.NoXaml|Any CPU.Build.0 = Debug|Any CPU
		{E5D60F52-328D-4777-B0EC-9D756F32AAAB}.Debug|Any CPU.ActiveCfg = Debug|Any CPU
		{E5D60F52-328D-4777-B0EC-9D756F32AAAB}.Debug|Any CPU.Build.0 = Debug|Any CPU
		{E5D60F52-328D-4777-B0EC-9D756F32AAAB}.Debug45.NoXaml|Any CPU.ActiveCfg = Debug|Any CPU
		{E5D60F52-328D-4777-B0EC-9D756F32AAAB}.Debug45.NoXaml|Any CPU.Build.0 = Debug|Any CPU
		{E5D60F52-328D-4777-B0EC-9D756F32AAAB}.Debug45|Any CPU.ActiveCfg = Debug|Any CPU
		{E5D60F52-328D-4777-B0EC-9D756F32AAAB}.Debug45|Any CPU.Build.0 = Debug|Any CPU
		{E5D60F52-328D-4777-B0EC-9D756F32AAAB}.Release.NoXaml|Any CPU.ActiveCfg = Release|Any CPU
		{E5D60F52-328D-4777-B0EC-9D756F32AAAB}.Release.NoXaml|Any CPU.Build.0 = Release|Any CPU
		{E5D60F52-328D-4777-B0EC-9D756F32AAAB}.Release|Any CPU.ActiveCfg = Release|Any CPU
		{E5D60F52-328D-4777-B0EC-9D756F32AAAB}.Release|Any CPU.Build.0 = Release|Any CPU
		{E5D60F52-328D-4777-B0EC-9D756F32AAAB}.Release45.NoXaml|Any CPU.ActiveCfg = Release|Any CPU
		{E5D60F52-328D-4777-B0EC-9D756F32AAAB}.Release45.NoXaml|Any CPU.Build.0 = Release|Any CPU
		{E5D60F52-328D-4777-B0EC-9D756F32AAAB}.Release45|Any CPU.ActiveCfg = Release|Any CPU
		{E5D60F52-328D-4777-B0EC-9D756F32AAAB}.Release45|Any CPU.Build.0 = Release|Any CPU
		{E5D60F52-328D-4777-B0EC-9D756F32AAAB}.ReleaseTrial.NoXaml|Any CPU.ActiveCfg = Release|Any CPU
		{E5D60F52-328D-4777-B0EC-9D756F32AAAB}.ReleaseTrial.NoXaml|Any CPU.Build.0 = Release|Any CPU
		{E5D60F52-328D-4777-B0EC-9D756F32AAAB}.ReleaseTrial|Any CPU.ActiveCfg = Release|Any CPU
		{E5D60F52-328D-4777-B0EC-9D756F32AAAB}.ReleaseTrial|Any CPU.Build.0 = Release|Any CPU
		{E5D60F52-328D-4777-B0EC-9D756F32AAAB}.ReleaseTrial45.NoXaml|Any CPU.ActiveCfg = Release|Any CPU
		{E5D60F52-328D-4777-B0EC-9D756F32AAAB}.ReleaseTrial45.NoXaml|Any CPU.Build.0 = Release|Any CPU
		{E5D60F52-328D-4777-B0EC-9D756F32AAAB}.ReleaseTrial45|Any CPU.ActiveCfg = Release|Any CPU
		{E5D60F52-328D-4777-B0EC-9D756F32AAAB}.ReleaseTrial45|Any CPU.Build.0 = Release|Any CPU
		{C471E14B-F144-4C78-A4FA-A25358BCD067}.Debug.NoXaml|Any CPU.ActiveCfg = Debug|Any CPU
		{C471E14B-F144-4C78-A4FA-A25358BCD067}.Debug.NoXaml|Any CPU.Build.0 = Debug|Any CPU
		{C471E14B-F144-4C78-A4FA-A25358BCD067}.Debug|Any CPU.ActiveCfg = Debug|Any CPU
		{C471E14B-F144-4C78-A4FA-A25358BCD067}.Debug|Any CPU.Build.0 = Debug|Any CPU
		{C471E14B-F144-4C78-A4FA-A25358BCD067}.Debug45.NoXaml|Any CPU.ActiveCfg = Debug|Any CPU
		{C471E14B-F144-4C78-A4FA-A25358BCD067}.Debug45.NoXaml|Any CPU.Build.0 = Debug|Any CPU
		{C471E14B-F144-4C78-A4FA-A25358BCD067}.Debug45|Any CPU.ActiveCfg = Debug|Any CPU
		{C471E14B-F144-4C78-A4FA-A25358BCD067}.Debug45|Any CPU.Build.0 = Debug|Any CPU
		{C471E14B-F144-4C78-A4FA-A25358BCD067}.Release.NoXaml|Any CPU.ActiveCfg = Release|Any CPU
		{C471E14B-F144-4C78-A4FA-A25358BCD067}.Release.NoXaml|Any CPU.Build.0 = Release|Any CPU
		{C471E14B-F144-4C78-A4FA-A25358BCD067}.Release|Any CPU.ActiveCfg = Release|Any CPU
		{C471E14B-F144-4C78-A4FA-A25358BCD067}.Release|Any CPU.Build.0 = Release|Any CPU
		{C471E14B-F144-4C78-A4FA-A25358BCD067}.Release45.NoXaml|Any CPU.ActiveCfg = Release|Any CPU
		{C471E14B-F144-4C78-A4FA-A25358BCD067}.Release45.NoXaml|Any CPU.Build.0 = Release|Any CPU
		{C471E14B-F144-4C78-A4FA-A25358BCD067}.Release45|Any CPU.ActiveCfg = Release|Any CPU
		{C471E14B-F144-4C78-A4FA-A25358BCD067}.Release45|Any CPU.Build.0 = Release|Any CPU
		{C471E14B-F144-4C78-A4FA-A25358BCD067}.ReleaseTrial.NoXaml|Any CPU.ActiveCfg = Release|Any CPU
		{C471E14B-F144-4C78-A4FA-A25358BCD067}.ReleaseTrial.NoXaml|Any CPU.Build.0 = Release|Any CPU
		{C471E14B-F144-4C78-A4FA-A25358BCD067}.ReleaseTrial|Any CPU.ActiveCfg = Release|Any CPU
		{C471E14B-F144-4C78-A4FA-A25358BCD067}.ReleaseTrial|Any CPU.Build.0 = Release|Any CPU
		{C471E14B-F144-4C78-A4FA-A25358BCD067}.ReleaseTrial45.NoXaml|Any CPU.ActiveCfg = Release|Any CPU
		{C471E14B-F144-4C78-A4FA-A25358BCD067}.ReleaseTrial45.NoXaml|Any CPU.Build.0 = Release|Any CPU
		{C471E14B-F144-4C78-A4FA-A25358BCD067}.ReleaseTrial45|Any CPU.ActiveCfg = Release|Any CPU
		{C471E14B-F144-4C78-A4FA-A25358BCD067}.ReleaseTrial45|Any CPU.Build.0 = Release|Any CPU
		{3E66D6EA-D6B3-4F07-AEEA-FBC2ECE1BE45}.Debug.NoXaml|Any CPU.ActiveCfg = Debug|Any CPU
		{3E66D6EA-D6B3-4F07-AEEA-FBC2ECE1BE45}.Debug.NoXaml|Any CPU.Build.0 = Debug|Any CPU
		{3E66D6EA-D6B3-4F07-AEEA-FBC2ECE1BE45}.Debug|Any CPU.ActiveCfg = Debug|Any CPU
		{3E66D6EA-D6B3-4F07-AEEA-FBC2ECE1BE45}.Debug|Any CPU.Build.0 = Debug|Any CPU
		{3E66D6EA-D6B3-4F07-AEEA-FBC2ECE1BE45}.Debug45.NoXaml|Any CPU.ActiveCfg = Debug|Any CPU
		{3E66D6EA-D6B3-4F07-AEEA-FBC2ECE1BE45}.Debug45.NoXaml|Any CPU.Build.0 = Debug|Any CPU
		{3E66D6EA-D6B3-4F07-AEEA-FBC2ECE1BE45}.Debug45|Any CPU.ActiveCfg = Debug|Any CPU
		{3E66D6EA-D6B3-4F07-AEEA-FBC2ECE1BE45}.Debug45|Any CPU.Build.0 = Debug|Any CPU
		{3E66D6EA-D6B3-4F07-AEEA-FBC2ECE1BE45}.Release.NoXaml|Any CPU.ActiveCfg = Release|Any CPU
		{3E66D6EA-D6B3-4F07-AEEA-FBC2ECE1BE45}.Release.NoXaml|Any CPU.Build.0 = Release|Any CPU
		{3E66D6EA-D6B3-4F07-AEEA-FBC2ECE1BE45}.Release|Any CPU.ActiveCfg = Release|Any CPU
		{3E66D6EA-D6B3-4F07-AEEA-FBC2ECE1BE45}.Release|Any CPU.Build.0 = Release|Any CPU
		{3E66D6EA-D6B3-4F07-AEEA-FBC2ECE1BE45}.Release45.NoXaml|Any CPU.ActiveCfg = Release|Any CPU
		{3E66D6EA-D6B3-4F07-AEEA-FBC2ECE1BE45}.Release45.NoXaml|Any CPU.Build.0 = Release|Any CPU
		{3E66D6EA-D6B3-4F07-AEEA-FBC2ECE1BE45}.Release45|Any CPU.ActiveCfg = Release|Any CPU
		{3E66D6EA-D6B3-4F07-AEEA-FBC2ECE1BE45}.Release45|Any CPU.Build.0 = Release|Any CPU
		{3E66D6EA-D6B3-4F07-AEEA-FBC2ECE1BE45}.ReleaseTrial.NoXaml|Any CPU.ActiveCfg = Release|Any CPU
		{3E66D6EA-D6B3-4F07-AEEA-FBC2ECE1BE45}.ReleaseTrial.NoXaml|Any CPU.Build.0 = Release|Any CPU
		{3E66D6EA-D6B3-4F07-AEEA-FBC2ECE1BE45}.ReleaseTrial|Any CPU.ActiveCfg = Release|Any CPU
		{3E66D6EA-D6B3-4F07-AEEA-FBC2ECE1BE45}.ReleaseTrial|Any CPU.Build.0 = Release|Any CPU
		{3E66D6EA-D6B3-4F07-AEEA-FBC2ECE1BE45}.ReleaseTrial45.NoXaml|Any CPU.ActiveCfg = Release|Any CPU
		{3E66D6EA-D6B3-4F07-AEEA-FBC2ECE1BE45}.ReleaseTrial45.NoXaml|Any CPU.Build.0 = Release|Any CPU
		{3E66D6EA-D6B3-4F07-AEEA-FBC2ECE1BE45}.ReleaseTrial45|Any CPU.ActiveCfg = Release|Any CPU
		{3E66D6EA-D6B3-4F07-AEEA-FBC2ECE1BE45}.ReleaseTrial45|Any CPU.Build.0 = Release|Any CPU
		{3B18ACC6-5A69-4572-88F1-AAF36B81C571}.Debug.NoXaml|Any CPU.ActiveCfg = Debug|Any CPU
		{3B18ACC6-5A69-4572-88F1-AAF36B81C571}.Debug.NoXaml|Any CPU.Build.0 = Debug|Any CPU
		{3B18ACC6-5A69-4572-88F1-AAF36B81C571}.Debug|Any CPU.ActiveCfg = Debug|Any CPU
		{3B18ACC6-5A69-4572-88F1-AAF36B81C571}.Debug|Any CPU.Build.0 = Debug|Any CPU
		{3B18ACC6-5A69-4572-88F1-AAF36B81C571}.Debug45.NoXaml|Any CPU.ActiveCfg = Debug|Any CPU
		{3B18ACC6-5A69-4572-88F1-AAF36B81C571}.Debug45.NoXaml|Any CPU.Build.0 = Debug|Any CPU
		{3B18ACC6-5A69-4572-88F1-AAF36B81C571}.Debug45|Any CPU.ActiveCfg = Debug|Any CPU
		{3B18ACC6-5A69-4572-88F1-AAF36B81C571}.Debug45|Any CPU.Build.0 = Debug|Any CPU
		{3B18ACC6-5A69-4572-88F1-AAF36B81C571}.Release.NoXaml|Any CPU.ActiveCfg = Release|Any CPU
		{3B18ACC6-5A69-4572-88F1-AAF36B81C571}.Release.NoXaml|Any CPU.Build.0 = Release|Any CPU
		{3B18ACC6-5A69-4572-88F1-AAF36B81C571}.Release|Any CPU.ActiveCfg = Release|Any CPU
		{3B18ACC6-5A69-4572-88F1-AAF36B81C571}.Release|Any CPU.Build.0 = Release|Any CPU
		{3B18ACC6-5A69-4572-88F1-AAF36B81C571}.Release45.NoXaml|Any CPU.ActiveCfg = Release|Any CPU
		{3B18ACC6-5A69-4572-88F1-AAF36B81C571}.Release45.NoXaml|Any CPU.Build.0 = Release|Any CPU
		{3B18ACC6-5A69-4572-88F1-AAF36B81C571}.Release45|Any CPU.ActiveCfg = Release|Any CPU
		{3B18ACC6-5A69-4572-88F1-AAF36B81C571}.Release45|Any CPU.Build.0 = Release|Any CPU
		{3B18ACC6-5A69-4572-88F1-AAF36B81C571}.ReleaseTrial.NoXaml|Any CPU.ActiveCfg = Release|Any CPU
		{3B18ACC6-5A69-4572-88F1-AAF36B81C571}.ReleaseTrial.NoXaml|Any CPU.Build.0 = Release|Any CPU
		{3B18ACC6-5A69-4572-88F1-AAF36B81C571}.ReleaseTrial|Any CPU.ActiveCfg = Release|Any CPU
		{3B18ACC6-5A69-4572-88F1-AAF36B81C571}.ReleaseTrial|Any CPU.Build.0 = Release|Any CPU
		{3B18ACC6-5A69-4572-88F1-AAF36B81C571}.ReleaseTrial45.NoXaml|Any CPU.ActiveCfg = Release|Any CPU
		{3B18ACC6-5A69-4572-88F1-AAF36B81C571}.ReleaseTrial45.NoXaml|Any CPU.Build.0 = Release|Any CPU
		{3B18ACC6-5A69-4572-88F1-AAF36B81C571}.ReleaseTrial45|Any CPU.ActiveCfg = Release|Any CPU
		{3B18ACC6-5A69-4572-88F1-AAF36B81C571}.ReleaseTrial45|Any CPU.Build.0 = Release|Any CPU
		{83E4C93F-D544-47A7-84A7-4FAA2F72EE9E}.Debug.NoXaml|Any CPU.ActiveCfg = Debug|Any CPU
		{83E4C93F-D544-47A7-84A7-4FAA2F72EE9E}.Debug.NoXaml|Any CPU.Build.0 = Debug|Any CPU
		{83E4C93F-D544-47A7-84A7-4FAA2F72EE9E}.Debug|Any CPU.ActiveCfg = Debug|Any CPU
		{83E4C93F-D544-47A7-84A7-4FAA2F72EE9E}.Debug|Any CPU.Build.0 = Debug|Any CPU
		{83E4C93F-D544-47A7-84A7-4FAA2F72EE9E}.Debug45.NoXaml|Any CPU.ActiveCfg = Debug|Any CPU
		{83E4C93F-D544-47A7-84A7-4FAA2F72EE9E}.Debug45.NoXaml|Any CPU.Build.0 = Debug|Any CPU
		{83E4C93F-D544-47A7-84A7-4FAA2F72EE9E}.Debug45|Any CPU.ActiveCfg = Debug|Any CPU
		{83E4C93F-D544-47A7-84A7-4FAA2F72EE9E}.Debug45|Any CPU.Build.0 = Debug|Any CPU
		{83E4C93F-D544-47A7-84A7-4FAA2F72EE9E}.Release.NoXaml|Any CPU.ActiveCfg = Release|Any CPU
		{83E4C93F-D544-47A7-84A7-4FAA2F72EE9E}.Release.NoXaml|Any CPU.Build.0 = Release|Any CPU
		{83E4C93F-D544-47A7-84A7-4FAA2F72EE9E}.Release|Any CPU.ActiveCfg = Release|Any CPU
		{83E4C93F-D544-47A7-84A7-4FAA2F72EE9E}.Release|Any CPU.Build.0 = Release|Any CPU
		{83E4C93F-D544-47A7-84A7-4FAA2F72EE9E}.Release45.NoXaml|Any CPU.ActiveCfg = Release|Any CPU
		{83E4C93F-D544-47A7-84A7-4FAA2F72EE9E}.Release45.NoXaml|Any CPU.Build.0 = Release|Any CPU
		{83E4C93F-D544-47A7-84A7-4FAA2F72EE9E}.Release45|Any CPU.ActiveCfg = Release|Any CPU
		{83E4C93F-D544-47A7-84A7-4FAA2F72EE9E}.Release45|Any CPU.Build.0 = Release|Any CPU
		{83E4C93F-D544-47A7-84A7-4FAA2F72EE9E}.ReleaseTrial.NoXaml|Any CPU.ActiveCfg = Release|Any CPU
		{83E4C93F-D544-47A7-84A7-4FAA2F72EE9E}.ReleaseTrial.NoXaml|Any CPU.Build.0 = Release|Any CPU
		{83E4C93F-D544-47A7-84A7-4FAA2F72EE9E}.ReleaseTrial|Any CPU.ActiveCfg = Release|Any CPU
		{83E4C93F-D544-47A7-84A7-4FAA2F72EE9E}.ReleaseTrial|Any CPU.Build.0 = Release|Any CPU
		{83E4C93F-D544-47A7-84A7-4FAA2F72EE9E}.ReleaseTrial45.NoXaml|Any CPU.ActiveCfg = Release|Any CPU
		{83E4C93F-D544-47A7-84A7-4FAA2F72EE9E}.ReleaseTrial45.NoXaml|Any CPU.Build.0 = Release|Any CPU
		{83E4C93F-D544-47A7-84A7-4FAA2F72EE9E}.ReleaseTrial45|Any CPU.ActiveCfg = Release|Any CPU
		{83E4C93F-D544-47A7-84A7-4FAA2F72EE9E}.ReleaseTrial45|Any CPU.Build.0 = Release|Any CPU
		{5D069815-F175-47A8-B4D8-2AABAB14140E}.Debug.NoXaml|Any CPU.ActiveCfg = Debug|Any CPU
		{5D069815-F175-47A8-B4D8-2AABAB14140E}.Debug.NoXaml|Any CPU.Build.0 = Debug|Any CPU
		{5D069815-F175-47A8-B4D8-2AABAB14140E}.Debug|Any CPU.ActiveCfg = Debug|Any CPU
		{5D069815-F175-47A8-B4D8-2AABAB14140E}.Debug|Any CPU.Build.0 = Debug|Any CPU
		{5D069815-F175-47A8-B4D8-2AABAB14140E}.Debug45.NoXaml|Any CPU.ActiveCfg = Debug|Any CPU
		{5D069815-F175-47A8-B4D8-2AABAB14140E}.Debug45.NoXaml|Any CPU.Build.0 = Debug|Any CPU
		{5D069815-F175-47A8-B4D8-2AABAB14140E}.Debug45|Any CPU.ActiveCfg = Debug|Any CPU
		{5D069815-F175-47A8-B4D8-2AABAB14140E}.Debug45|Any CPU.Build.0 = Debug|Any CPU
		{5D069815-F175-47A8-B4D8-2AABAB14140E}.Release.NoXaml|Any CPU.ActiveCfg = Release|Any CPU
		{5D069815-F175-47A8-B4D8-2AABAB14140E}.Release.NoXaml|Any CPU.Build.0 = Release|Any CPU
		{5D069815-F175-47A8-B4D8-2AABAB14140E}.Release|Any CPU.ActiveCfg = Release|Any CPU
		{5D069815-F175-47A8-B4D8-2AABAB14140E}.Release|Any CPU.Build.0 = Release|Any CPU
		{5D069815-F175-47A8-B4D8-2AABAB14140E}.Release45.NoXaml|Any CPU.ActiveCfg = Release|Any CPU
		{5D069815-F175-47A8-B4D8-2AABAB14140E}.Release45.NoXaml|Any CPU.Build.0 = Release|Any CPU
		{5D069815-F175-47A8-B4D8-2AABAB14140E}.Release45|Any CPU.ActiveCfg = Release|Any CPU
		{5D069815-F175-47A8-B4D8-2AABAB14140E}.Release45|Any CPU.Build.0 = Release|Any CPU
		{5D069815-F175-47A8-B4D8-2AABAB14140E}.ReleaseTrial.NoXaml|Any CPU.ActiveCfg = Release|Any CPU
		{5D069815-F175-47A8-B4D8-2AABAB14140E}.ReleaseTrial.NoXaml|Any CPU.Build.0 = Release|Any CPU
		{5D069815-F175-47A8-B4D8-2AABAB14140E}.ReleaseTrial|Any CPU.ActiveCfg = Release|Any CPU
		{5D069815-F175-47A8-B4D8-2AABAB14140E}.ReleaseTrial|Any CPU.Build.0 = Release|Any CPU
		{5D069815-F175-47A8-B4D8-2AABAB14140E}.ReleaseTrial45.NoXaml|Any CPU.ActiveCfg = Release|Any CPU
		{5D069815-F175-47A8-B4D8-2AABAB14140E}.ReleaseTrial45.NoXaml|Any CPU.Build.0 = Release|Any CPU
		{5D069815-F175-47A8-B4D8-2AABAB14140E}.ReleaseTrial45|Any CPU.ActiveCfg = Release|Any CPU
		{5D069815-F175-47A8-B4D8-2AABAB14140E}.ReleaseTrial45|Any CPU.Build.0 = Release|Any CPU
		{9A5D6E19-3802-43AA-9259-4F5768ED4662}.Debug.NoXaml|Any CPU.ActiveCfg = Debug|Any CPU
		{9A5D6E19-3802-43AA-9259-4F5768ED4662}.Debug.NoXaml|Any CPU.Build.0 = Debug|Any CPU
		{9A5D6E19-3802-43AA-9259-4F5768ED4662}.Debug|Any CPU.ActiveCfg = Debug|Any CPU
		{9A5D6E19-3802-43AA-9259-4F5768ED4662}.Debug|Any CPU.Build.0 = Debug|Any CPU
		{9A5D6E19-3802-43AA-9259-4F5768ED4662}.Debug45.NoXaml|Any CPU.ActiveCfg = Debug|Any CPU
		{9A5D6E19-3802-43AA-9259-4F5768ED4662}.Debug45.NoXaml|Any CPU.Build.0 = Debug|Any CPU
		{9A5D6E19-3802-43AA-9259-4F5768ED4662}.Debug45|Any CPU.ActiveCfg = Debug|Any CPU
		{9A5D6E19-3802-43AA-9259-4F5768ED4662}.Debug45|Any CPU.Build.0 = Debug|Any CPU
		{9A5D6E19-3802-43AA-9259-4F5768ED4662}.Release.NoXaml|Any CPU.ActiveCfg = Release|Any CPU
		{9A5D6E19-3802-43AA-9259-4F5768ED4662}.Release.NoXaml|Any CPU.Build.0 = Release|Any CPU
		{9A5D6E19-3802-43AA-9259-4F5768ED4662}.Release|Any CPU.ActiveCfg = Release|Any CPU
		{9A5D6E19-3802-43AA-9259-4F5768ED4662}.Release|Any CPU.Build.0 = Release|Any CPU
		{9A5D6E19-3802-43AA-9259-4F5768ED4662}.Release45.NoXaml|Any CPU.ActiveCfg = Release|Any CPU
		{9A5D6E19-3802-43AA-9259-4F5768ED4662}.Release45.NoXaml|Any CPU.Build.0 = Release|Any CPU
		{9A5D6E19-3802-43AA-9259-4F5768ED4662}.Release45|Any CPU.ActiveCfg = Release|Any CPU
		{9A5D6E19-3802-43AA-9259-4F5768ED4662}.Release45|Any CPU.Build.0 = Release|Any CPU
		{9A5D6E19-3802-43AA-9259-4F5768ED4662}.ReleaseTrial.NoXaml|Any CPU.ActiveCfg = Release|Any CPU
		{9A5D6E19-3802-43AA-9259-4F5768ED4662}.ReleaseTrial.NoXaml|Any CPU.Build.0 = Release|Any CPU
		{9A5D6E19-3802-43AA-9259-4F5768ED4662}.ReleaseTrial|Any CPU.ActiveCfg = Release|Any CPU
		{9A5D6E19-3802-43AA-9259-4F5768ED4662}.ReleaseTrial|Any CPU.Build.0 = Release|Any CPU
		{9A5D6E19-3802-43AA-9259-4F5768ED4662}.ReleaseTrial45.NoXaml|Any CPU.ActiveCfg = Release|Any CPU
		{9A5D6E19-3802-43AA-9259-4F5768ED4662}.ReleaseTrial45.NoXaml|Any CPU.Build.0 = Release|Any CPU
		{9A5D6E19-3802-43AA-9259-4F5768ED4662}.ReleaseTrial45|Any CPU.ActiveCfg = Release|Any CPU
		{9A5D6E19-3802-43AA-9259-4F5768ED4662}.ReleaseTrial45|Any CPU.Build.0 = Release|Any CPU
	EndGlobalSection
	GlobalSection(SolutionProperties) = preSolution
		HideSolutionNode = FALSE
	EndGlobalSection
EndGlobal
